
Microsoft Visual Studio Solution File, Format Version 12.00
# Visual Studio 15
VisualStudioVersion = 15.0.28307.1169
MinimumVisualStudioVersion = 10.0.40219.1
Project("{FAE04EC0-301F-11D3-BF4B-00C04F79EFBC}") = "Proje-1", "Proje-1\Proje-1.csproj", "{A9C5164B-F803-43B4-88C1-7DDA36282143}"
EndProject
Global
	GlobalSection(SolutionConfigurationPlatforms) = preSolution
		Debug|Any CPU = Debug|Any CPU
		Release|Any CPU = Release|Any CPU
	EndGlobalSection
	GlobalSection(ProjectConfigurationPlatforms) = postSolution
		{A9C5164B-F803-43B4-88C1-7DDA36282143}.Debug|Any CPU.ActiveCfg = Debug|Any CPU
		{A9C5164B-F803-43B4-88C1-7DDA36282143}.Debug|Any CPU.Build.0 = Debug|Any CPU
		{A9C5164B-F803-43B4-88C1-7DDA36282143}.Release|Any CPU.ActiveCfg = Release|Any CPU
		{A9C5164B-F803-43B4-88C1-7DDA36282143}.Release|Any CPU.Build.0 = Release|Any CPU
	EndGlobalSection
	GlobalSection(SolutionProperties) = preSolution
		HideSolutionNode = FALSE
	EndGlobalSection
	GlobalSection(ExtensibilityGlobals) = postSolution
		SolutionGuid = {743AA80C-50B0-45E0-8716-0C1BE4E8D9CC}
	EndGlobalSection
EndGlobal
